// !$*UTF8*$!
{
	archiveVersion = 1;
	classes = {
	};
	objectVersion = 46;
	objects = {

/* Begin PBXBuildFile section */
		42293B041B6FCC8A00768E0C /* vert.m in Sources */ = {isa = PBXBuildFile; fileRef = 42293B031B6FCC8A00768E0C /* vert.m */; };
		42293B081B6FCD1A00768E0C /* vec2.m in Sources */ = {isa = PBXBuildFile; fileRef = 42293B071B6FCD1A00768E0C /* vec2.m */; };
		422B1F881B973A7300DBB813 /* verts.m in Sources */ = {isa = PBXBuildFile; fileRef = 422B1F871B973A7300DBB813 /* verts.m */; };
		42715B241B9FF6F800052B4D /* pmd-body.png in Resources */ = {isa = PBXBuildFile; fileRef = 42715B1E1B9FF6F800052B4D /* pmd-body.png */; };
		42715B251B9FF6F800052B4D /* pmd-face.png in Resources */ = {isa = PBXBuildFile; fileRef = 42715B1F1B9FF6F800052B4D /* pmd-face.png */; };
		42715B261B9FF6F800052B4D /* pmd-sample.pmd in Resources */ = {isa = PBXBuildFile; fileRef = 42715B201B9FF6F800052B4D /* pmd-sample.pmd */; };
		42715B271B9FF6F800052B4D /* simple-atlas.png in Resources */ = {isa = PBXBuildFile; fileRef = 42715B211B9FF6F800052B4D /* simple-atlas.png */; };
		42715B281B9FF6F800052B4D /* texture_rgb_300x400.png in Resources */ = {isa = PBXBuildFile; fileRef = 42715B221B9FF6F800052B4D /* texture_rgb_300x400.png */; };
		42715B291B9FF6F800052B4D /* texture_rgb_512x512.png in Resources */ = {isa = PBXBuildFile; fileRef = 42715B231B9FF6F800052B4D /* texture_rgb_512x512.png */; };
		42715B2F1BA04C7500052B4D /* pmd.m in Sources */ = {isa = PBXBuildFile; fileRef = 42715B2B1BA04C7500052B4D /* pmd.m */; };
		42715B301BA04C7500052B4D /* support_RawData.c in Sources */ = {isa = PBXBuildFile; fileRef = 42715B2D1BA04C7500052B4D /* support_RawData.c */; };
		428CDD7B1BA3EFAC00C835C6 /* textures.m in Sources */ = {isa = PBXBuildFile; fileRef = 428CDD7A1BA3EFAC00C835C6 /* textures.m */; };
		428CDD7E1BAE991000C835C6 /* texture.m in Sources */ = {isa = PBXBuildFile; fileRef = 428CDD7D1BAE991000C835C6 /* texture.m */; };
		428CDD821BB04C7600C835C6 /* util_str.m in Sources */ = {isa = PBXBuildFile; fileRef = 428CDD811BB04C7600C835C6 /* util_str.m */; };
		42C6CB731AE7ADE800F0570B /* main.m in Sources */ = {isa = PBXBuildFile; fileRef = 42C6CB721AE7ADE800F0570B /* main.m */; };
		42C6CB761AE7ADE800F0570B /* AppDelegate.m in Sources */ = {isa = PBXBuildFile; fileRef = 42C6CB751AE7ADE800F0570B /* AppDelegate.m */; };
		42C6CB781AE7ADE800F0570B /* Shader.fsh in Resources */ = {isa = PBXBuildFile; fileRef = 42C6CB771AE7ADE800F0570B /* Shader.fsh */; };
		42C6CB7A1AE7ADE800F0570B /* Shader.vsh in Resources */ = {isa = PBXBuildFile; fileRef = 42C6CB791AE7ADE800F0570B /* Shader.vsh */; };
		42C6CB801AE7ADE800F0570B /* Main.storyboard in Resources */ = {isa = PBXBuildFile; fileRef = 42C6CB7E1AE7ADE800F0570B /* Main.storyboard */; };
		42C6CB821AE7ADE800F0570B /* Images.xcassets in Resources */ = {isa = PBXBuildFile; fileRef = 42C6CB811AE7ADE800F0570B /* Images.xcassets */; };
		42C6CB851AE7ADE800F0570B /* LaunchScreen.xib in Resources */ = {isa = PBXBuildFile; fileRef = 42C6CB831AE7ADE800F0570B /* LaunchScreen.xib */; };
		42C6CB911AE7ADE800F0570B /* opengltestTests.m in Sources */ = {isa = PBXBuildFile; fileRef = 42C6CB901AE7ADE800F0570B /* opengltestTests.m */; };
		42C6CB9C1AE7B3BD00F0570B /* GLViewController.m in Sources */ = {isa = PBXBuildFile; fileRef = 42C6CB9B1AE7B3BD00F0570B /* GLViewController.m */; };
		42FA276A1B3F14D600F7D603 /* xbox-icon.png in Resources */ = {isa = PBXBuildFile; fileRef = 42FA27681B3F14D600F7D603 /* xbox-icon.png */; };
		42FA27801B4910AE00F7D603 /* mask.png in Resources */ = {isa = PBXBuildFile; fileRef = 42FA277F1B4910AE00F7D603 /* mask.png */; };
		42FA27821B4910F000F7D603 /* rgb.png in Resources */ = {isa = PBXBuildFile; fileRef = 42FA27811B4910F000F7D603 /* rgb.png */; };
		42FA27861B538F9A00F7D603 /* vec4.m in Sources */ = {isa = PBXBuildFile; fileRef = 42FA27851B538F9A00F7D603 /* vec4.m */; };
		42FA27891B539F8500F7D603 /* vec3.m in Sources */ = {isa = PBXBuildFile; fileRef = 42FA27881B539F8500F7D603 /* vec3.m */; };
		42FA278C1B53A0B700F7D603 /* mat4.m in Sources */ = {isa = PBXBuildFile; fileRef = 42FA278B1B53A0B700F7D603 /* mat4.m */; };
		42FA278E1B54327100F7D603 /* matrixTests.m in Sources */ = {isa = PBXBuildFile; fileRef = 42FA278D1B54327100F7D603 /* matrixTests.m */; };
		42FA27911B5A872500F7D603 /* camera.m in Sources */ = {isa = PBXBuildFile; fileRef = 42FA27901B5A872500F7D603 /* camera.m */; };
/* End PBXBuildFile section */

/* Begin PBXContainerItemProxy section */
		42C6CB8B1AE7ADE800F0570B /* PBXContainerItemProxy */ = {
			isa = PBXContainerItemProxy;
			containerPortal = 42C6CB651AE7ADE800F0570B /* Project object */;
			proxyType = 1;
			remoteGlobalIDString = 42C6CB6C1AE7ADE800F0570B;
			remoteInfo = opengltest;
		};
/* End PBXContainerItemProxy section */

/* Begin PBXFileReference section */
		42293B021B6FCC8A00768E0C /* vert.h */ = {isa = PBXFileReference; fileEncoding = 4; lastKnownFileType = sourcecode.c.h; path = vert.h; sourceTree = "<group>"; };
		42293B031B6FCC8A00768E0C /* vert.m */ = {isa = PBXFileReference; fileEncoding = 4; lastKnownFileType = sourcecode.c.objc; path = vert.m; sourceTree = "<group>"; };
		42293B061B6FCD1A00768E0C /* vec2.h */ = {isa = PBXFileReference; fileEncoding = 4; lastKnownFileType = sourcecode.c.h; path = vec2.h; sourceTree = "<group>"; };
		42293B071B6FCD1A00768E0C /* vec2.m */ = {isa = PBXFileReference; fileEncoding = 4; lastKnownFileType = sourcecode.c.objc; path = vec2.m; sourceTree = "<group>"; };
		422B1F861B973A7300DBB813 /* verts.h */ = {isa = PBXFileReference; fileEncoding = 4; lastKnownFileType = sourcecode.c.h; name = verts.h; path = lib/verts.h; sourceTree = "<group>"; };
		422B1F871B973A7300DBB813 /* verts.m */ = {isa = PBXFileReference; fileEncoding = 4; lastKnownFileType = sourcecode.c.objc; name = verts.m; path = lib/verts.m; sourceTree = "<group>"; };
		42715B1E1B9FF6F800052B4D /* pmd-body.png */ = {isa = PBXFileReference; lastKnownFileType = image.png; path = "pmd-body.png"; sourceTree = "<group>"; };
		42715B1F1B9FF6F800052B4D /* pmd-face.png */ = {isa = PBXFileReference; lastKnownFileType = image.png; path = "pmd-face.png"; sourceTree = "<group>"; };
		42715B201B9FF6F800052B4D /* pmd-sample.pmd */ = {isa = PBXFileReference; lastKnownFileType = file; path = "pmd-sample.pmd"; sourceTree = "<group>"; };
		42715B211B9FF6F800052B4D /* simple-atlas.png */ = {isa = PBXFileReference; lastKnownFileType = image.png; path = "simple-atlas.png"; sourceTree = "<group>"; };
		42715B221B9FF6F800052B4D /* texture_rgb_300x400.png */ = {isa = PBXFileReference; lastKnownFileType = image.png; path = texture_rgb_300x400.png; sourceTree = "<group>"; };
		42715B231B9FF6F800052B4D /* texture_rgb_512x512.png */ = {isa = PBXFileReference; lastKnownFileType = image.png; path = texture_rgb_512x512.png; sourceTree = "<group>"; };
		42715B2B1BA04C7500052B4D /* pmd.m */ = {isa = PBXFileReference; fileEncoding = 4; lastKnownFileType = sourcecode.c.objc; name = pmd.m; path = support/pmd.m; sourceTree = "<group>"; };
		42715B2C1BA04C7500052B4D /* pmd.h */ = {isa = PBXFileReference; fileEncoding = 4; lastKnownFileType = sourcecode.c.h; name = pmd.h; path = support/pmd.h; sourceTree = "<group>"; };
		42715B2D1BA04C7500052B4D /* support_RawData.c */ = {isa = PBXFileReference; fileEncoding = 4; lastKnownFileType = sourcecode.c.c; name = support_RawData.c; path = support/support_RawData.c; sourceTree = "<group>"; };
		42715B2E1BA04C7500052B4D /* support_RawData.h */ = {isa = PBXFileReference; fileEncoding = 4; lastKnownFileType = sourcecode.c.h; name = support_RawData.h; path = support/support_RawData.h; sourceTree = "<group>"; };
		428CDD791BA3EFAC00C835C6 /* textures.h */ = {isa = PBXFileReference; fileEncoding = 4; lastKnownFileType = sourcecode.c.h; path = textures.h; sourceTree = "<group>"; };
		428CDD7A1BA3EFAC00C835C6 /* textures.m */ = {isa = PBXFileReference; fileEncoding = 4; lastKnownFileType = sourcecode.c.objc; path = textures.m; sourceTree = "<group>"; };
		428CDD7C1BAE991000C835C6 /* texture.h */ = {isa = PBXFileReference; fileEncoding = 4; lastKnownFileType = sourcecode.c.h; name = texture.h; path = lib/texture.h; sourceTree = "<group>"; };
		428CDD7D1BAE991000C835C6 /* texture.m */ = {isa = PBXFileReference; fileEncoding = 4; lastKnownFileType = sourcecode.c.objc; name = texture.m; path = lib/texture.m; sourceTree = "<group>"; };
		428CDD801BB04C7600C835C6 /* util_str.h */ = {isa = PBXFileReference; fileEncoding = 4; lastKnownFileType = sourcecode.c.h; name = util_str.h; path = support/util_str.h; sourceTree = "<group>"; };
		428CDD811BB04C7600C835C6 /* util_str.m */ = {isa = PBXFileReference; fileEncoding = 4; lastKnownFileType = sourcecode.c.objc; name = util_str.m; path = support/util_str.m; sourceTree = "<group>"; };
		42C6CB6D1AE7ADE800F0570B /* opengltest.app */ = {isa = PBXFileReference; explicitFileType = wrapper.application; includeInIndex = 0; path = opengltest.app; sourceTree = BUILT_PRODUCTS_DIR; };
		42C6CB711AE7ADE800F0570B /* Info.plist */ = {isa = PBXFileReference; lastKnownFileType = text.plist.xml; path = Info.plist; sourceTree = "<group>"; };
		42C6CB721AE7ADE800F0570B /* main.m */ = {isa = PBXFileReference; lastKnownFileType = sourcecode.c.objc; path = main.m; sourceTree = "<group>"; };
		42C6CB741AE7ADE800F0570B /* AppDelegate.h */ = {isa = PBXFileReference; lastKnownFileType = sourcecode.c.h; path = AppDelegate.h; sourceTree = "<group>"; };
		42C6CB751AE7ADE800F0570B /* AppDelegate.m */ = {isa = PBXFileReference; lastKnownFileType = sourcecode.c.objc; path = AppDelegate.m; sourceTree = "<group>"; };
		42C6CB771AE7ADE800F0570B /* Shader.fsh */ = {isa = PBXFileReference; lastKnownFileType = sourcecode.glsl; name = Shader.fsh; path = Shaders/Shader.fsh; sourceTree = "<group>"; };
		42C6CB791AE7ADE800F0570B /* Shader.vsh */ = {isa = PBXFileReference; lastKnownFileType = sourcecode.glsl; name = Shader.vsh; path = Shaders/Shader.vsh; sourceTree = "<group>"; };
		42C6CB7F1AE7ADE800F0570B /* Base */ = {isa = PBXFileReference; lastKnownFileType = file.storyboard; name = Base; path = Base.lproj/Main.storyboard; sourceTree = "<group>"; };
		42C6CB811AE7ADE800F0570B /* Images.xcassets */ = {isa = PBXFileReference; lastKnownFileType = folder.assetcatalog; path = Images.xcassets; sourceTree = "<group>"; };
		42C6CB841AE7ADE800F0570B /* Base */ = {isa = PBXFileReference; lastKnownFileType = file.xib; name = Base; path = Base.lproj/LaunchScreen.xib; sourceTree = "<group>"; };
		42C6CB8A1AE7ADE800F0570B /* opengltestTests.xctest */ = {isa = PBXFileReference; explicitFileType = wrapper.cfbundle; includeInIndex = 0; path = opengltestTests.xctest; sourceTree = BUILT_PRODUCTS_DIR; };
		42C6CB8F1AE7ADE800F0570B /* Info.plist */ = {isa = PBXFileReference; lastKnownFileType = text.plist.xml; path = Info.plist; sourceTree = "<group>"; };
		42C6CB901AE7ADE800F0570B /* opengltestTests.m */ = {isa = PBXFileReference; lastKnownFileType = sourcecode.c.objc; path = opengltestTests.m; sourceTree = "<group>"; };
		42C6CB9A1AE7B3BD00F0570B /* GLViewController.h */ = {isa = PBXFileReference; fileEncoding = 4; lastKnownFileType = sourcecode.c.h; path = GLViewController.h; sourceTree = "<group>"; };
		42C6CB9B1AE7B3BD00F0570B /* GLViewController.m */ = {isa = PBXFileReference; fileEncoding = 4; lastKnownFileType = sourcecode.c.objc; path = GLViewController.m; sourceTree = "<group>"; };
		42FA27681B3F14D600F7D603 /* xbox-icon.png */ = {isa = PBXFileReference; lastKnownFileType = image.png; path = "xbox-icon.png"; sourceTree = "<group>"; };
		42FA277F1B4910AE00F7D603 /* mask.png */ = {isa = PBXFileReference; lastKnownFileType = image.png; path = mask.png; sourceTree = "<group>"; };
		42FA27811B4910F000F7D603 /* rgb.png */ = {isa = PBXFileReference; lastKnownFileType = image.png; path = rgb.png; sourceTree = "<group>"; };
		42FA27841B538F9A00F7D603 /* vec4.h */ = {isa = PBXFileReference; fileEncoding = 4; lastKnownFileType = sourcecode.c.h; path = vec4.h; sourceTree = "<group>"; };
		42FA27851B538F9A00F7D603 /* vec4.m */ = {isa = PBXFileReference; fileEncoding = 4; lastKnownFileType = sourcecode.c.objc; path = vec4.m; sourceTree = "<group>"; };
		42FA27871B539F8500F7D603 /* vec3.h */ = {isa = PBXFileReference; fileEncoding = 4; lastKnownFileType = sourcecode.c.h; path = vec3.h; sourceTree = "<group>"; };
		42FA27881B539F8500F7D603 /* vec3.m */ = {isa = PBXFileReference; fileEncoding = 4; lastKnownFileType = sourcecode.c.objc; path = vec3.m; sourceTree = "<group>"; };
		42FA278A1B53A0B700F7D603 /* mat4.h */ = {isa = PBXFileReference; fileEncoding = 4; lastKnownFileType = sourcecode.c.h; path = mat4.h; sourceTree = "<group>"; };
		42FA278B1B53A0B700F7D603 /* mat4.m */ = {isa = PBXFileReference; fileEncoding = 4; lastKnownFileType = sourcecode.c.objc; path = mat4.m; sourceTree = "<group>"; };
		42FA278D1B54327100F7D603 /* matrixTests.m */ = {isa = PBXFileReference; fileEncoding = 4; lastKnownFileType = sourcecode.c.objc; path = matrixTests.m; sourceTree = "<group>"; };
		42FA278F1B5A872500F7D603 /* camera.h */ = {isa = PBXFileReference; fileEncoding = 4; lastKnownFileType = sourcecode.c.h; path = camera.h; sourceTree = "<group>"; };
		42FA27901B5A872500F7D603 /* camera.m */ = {isa = PBXFileReference; fileEncoding = 4; lastKnownFileType = sourcecode.c.objc; path = camera.m; sourceTree = "<group>"; };
/* End PBXFileReference section */

/* Begin PBXFrameworksBuildPhase section */
		42C6CB6A1AE7ADE800F0570B /* Frameworks */ = {
			isa = PBXFrameworksBuildPhase;
			buildActionMask = 2147483647;
			files = (
			);
			runOnlyForDeploymentPostprocessing = 0;
		};
		42C6CB871AE7ADE800F0570B /* Frameworks */ = {
			isa = PBXFrameworksBuildPhase;
			buildActionMask = 2147483647;
			files = (
			);
			runOnlyForDeploymentPostprocessing = 0;
		};
/* End PBXFrameworksBuildPhase section */

/* Begin PBXGroup section */
		422B1F851B973A2B00DBB813 /* lib */ = {
			isa = PBXGroup;
			children = (
				42715B2B1BA04C7500052B4D /* pmd.m */,
				42715B2C1BA04C7500052B4D /* pmd.h */,
				42715B2D1BA04C7500052B4D /* support_RawData.c */,
				42715B2E1BA04C7500052B4D /* support_RawData.h */,
				428CDD801BB04C7600C835C6 /* util_str.h */,
				428CDD811BB04C7600C835C6 /* util_str.m */,
				422B1F861B973A7300DBB813 /* verts.h */,
				422B1F871B973A7300DBB813 /* verts.m */,
				428CDD791BA3EFAC00C835C6 /* textures.h */,
				428CDD7A1BA3EFAC00C835C6 /* textures.m */,
				428CDD7C1BAE991000C835C6 /* texture.h */,
				428CDD7D1BAE991000C835C6 /* texture.m */,
			);
			name = lib;
			sourceTree = "<group>";
		};
		42715B1D1B9FF6F800052B4D /* assets */ = {
			isa = PBXGroup;
			children = (
				42715B1E1B9FF6F800052B4D /* pmd-body.png */,
				42715B1F1B9FF6F800052B4D /* pmd-face.png */,
				42715B201B9FF6F800052B4D /* pmd-sample.pmd */,
				42715B211B9FF6F800052B4D /* simple-atlas.png */,
				42715B221B9FF6F800052B4D /* texture_rgb_300x400.png */,
				42715B231B9FF6F800052B4D /* texture_rgb_512x512.png */,
			);
			name = assets;
			path = opengltest/assets;
			sourceTree = "<group>";
		};
		42C6CB641AE7ADE800F0570B = {
			isa = PBXGroup;
			children = (
				42715B1D1B9FF6F800052B4D /* assets */,
				42C6CB6F1AE7ADE800F0570B /* opengltest */,
				42C6CB8D1AE7ADE800F0570B /* opengltestTests */,
				42C6CB6E1AE7ADE800F0570B /* Products */,
			);
			sourceTree = "<group>";
		};
		42C6CB6E1AE7ADE800F0570B /* Products */ = {
			isa = PBXGroup;
			children = (
				42C6CB6D1AE7ADE800F0570B /* opengltest.app */,
				42C6CB8A1AE7ADE800F0570B /* opengltestTests.xctest */,
			);
			name = Products;
			sourceTree = "<group>";
		};
		42C6CB6F1AE7ADE800F0570B /* opengltest */ = {
			isa = PBXGroup;
			children = (
				422B1F851B973A2B00DBB813 /* lib */,
				42FA27831B538F7300F7D603 /* matrix */,
				42FA27811B4910F000F7D603 /* rgb.png */,
				42FA277F1B4910AE00F7D603 /* mask.png */,
				42FA27681B3F14D600F7D603 /* xbox-icon.png */,
				42C6CB741AE7ADE800F0570B /* AppDelegate.h */,
				42C6CB751AE7ADE800F0570B /* AppDelegate.m */,
				42C6CB771AE7ADE800F0570B /* Shader.fsh */,
				42C6CB791AE7ADE800F0570B /* Shader.vsh */,
				42C6CB7E1AE7ADE800F0570B /* Main.storyboard */,
				42C6CB811AE7ADE800F0570B /* Images.xcassets */,
				42C6CB831AE7ADE800F0570B /* LaunchScreen.xib */,
				42C6CB701AE7ADE800F0570B /* Supporting Files */,
				42C6CB9A1AE7B3BD00F0570B /* GLViewController.h */,
				42C6CB9B1AE7B3BD00F0570B /* GLViewController.m */,
			);
			path = opengltest;
			sourceTree = "<group>";
		};
		42C6CB701AE7ADE800F0570B /* Supporting Files */ = {
			isa = PBXGroup;
			children = (
				42C6CB711AE7ADE800F0570B /* Info.plist */,
				42C6CB721AE7ADE800F0570B /* main.m */,
			);
			name = "Supporting Files";
			sourceTree = "<group>";
		};
		42C6CB8D1AE7ADE800F0570B /* opengltestTests */ = {
			isa = PBXGroup;
			children = (
				42C6CB901AE7ADE800F0570B /* opengltestTests.m */,
				42C6CB8E1AE7ADE800F0570B /* Supporting Files */,
				42FA278D1B54327100F7D603 /* matrixTests.m */,
			);
			path = opengltestTests;
			sourceTree = "<group>";
		};
		42C6CB8E1AE7ADE800F0570B /* Supporting Files */ = {
			isa = PBXGroup;
			children = (
				42C6CB8F1AE7ADE800F0570B /* Info.plist */,
			);
			name = "Supporting Files";
			sourceTree = "<group>";
		};
		42FA27831B538F7300F7D603 /* matrix */ = {
			isa = PBXGroup;
			children = (
				42293B061B6FCD1A00768E0C /* vec2.h */,
				42293B071B6FCD1A00768E0C /* vec2.m */,
				42FA27871B539F8500F7D603 /* vec3.h */,
				42FA27881B539F8500F7D603 /* vec3.m */,
				42FA27841B538F9A00F7D603 /* vec4.h */,
				42FA27851B538F9A00F7D603 /* vec4.m */,
				42FA278A1B53A0B700F7D603 /* mat4.h */,
				42FA278B1B53A0B700F7D603 /* mat4.m */,
				42FA278F1B5A872500F7D603 /* camera.h */,
				42FA27901B5A872500F7D603 /* camera.m */,
				42293B021B6FCC8A00768E0C /* vert.h */,
				42293B031B6FCC8A00768E0C /* vert.m */,
			);
			path = matrix;
			sourceTree = "<group>";
		};
/* End PBXGroup section */

/* Begin PBXNativeTarget section */
		42C6CB6C1AE7ADE800F0570B /* opengltest */ = {
			isa = PBXNativeTarget;
			buildConfigurationList = 42C6CB941AE7ADE800F0570B /* Build configuration list for PBXNativeTarget "opengltest" */;
			buildPhases = (
				42C6CB691AE7ADE800F0570B /* Sources */,
				42C6CB6A1AE7ADE800F0570B /* Frameworks */,
				42C6CB6B1AE7ADE800F0570B /* Resources */,
			);
			buildRules = (
			);
			dependencies = (
			);
			name = opengltest;
			productName = opengltest;
			productReference = 42C6CB6D1AE7ADE800F0570B /* opengltest.app */;
			productType = "com.apple.product-type.application";
		};
		42C6CB891AE7ADE800F0570B /* opengltestTests */ = {
			isa = PBXNativeTarget;
			buildConfigurationList = 42C6CB971AE7ADE800F0570B /* Build configuration list for PBXNativeTarget "opengltestTests" */;
			buildPhases = (
				42C6CB861AE7ADE800F0570B /* Sources */,
				42C6CB871AE7ADE800F0570B /* Frameworks */,
				42C6CB881AE7ADE800F0570B /* Resources */,
			);
			buildRules = (
			);
			dependencies = (
				42C6CB8C1AE7ADE800F0570B /* PBXTargetDependency */,
			);
			name = opengltestTests;
			productName = opengltestTests;
			productReference = 42C6CB8A1AE7ADE800F0570B /* opengltestTests.xctest */;
			productType = "com.apple.product-type.bundle.unit-test";
		};
/* End PBXNativeTarget section */

/* Begin PBXProject section */
		42C6CB651AE7ADE800F0570B /* Project object */ = {
			isa = PBXProject;
			attributes = {
				LastUpgradeCheck = 0610;
				ORGANIZATIONNAME = ryu;
				TargetAttributes = {
					42C6CB6C1AE7ADE800F0570B = {
						CreatedOnToolsVersion = 6.1.1;
					};
					42C6CB891AE7ADE800F0570B = {
						CreatedOnToolsVersion = 6.1.1;
						TestTargetID = 42C6CB6C1AE7ADE800F0570B;
					};
				};
			};
			buildConfigurationList = 42C6CB681AE7ADE800F0570B /* Build configuration list for PBXProject "opengltest" */;
			compatibilityVersion = "Xcode 3.2";
			developmentRegion = English;
			hasScannedForEncodings = 0;
			knownRegions = (
				en,
				Base,
			);
			mainGroup = 42C6CB641AE7ADE800F0570B;
			productRefGroup = 42C6CB6E1AE7ADE800F0570B /* Products */;
			projectDirPath = "";
			projectRoot = "";
			targets = (
				42C6CB6C1AE7ADE800F0570B /* opengltest */,
				42C6CB891AE7ADE800F0570B /* opengltestTests */,
			);
		};
/* End PBXProject section */

/* Begin PBXResourcesBuildPhase section */
		42C6CB6B1AE7ADE800F0570B /* Resources */ = {
			isa = PBXResourcesBuildPhase;
			buildActionMask = 2147483647;
			files = (
				42FA276A1B3F14D600F7D603 /* xbox-icon.png in Resources */,
				42C6CB851AE7ADE800F0570B /* LaunchScreen.xib in Resources */,
				42C6CB801AE7ADE800F0570B /* Main.storyboard in Resources */,
				42C6CB821AE7ADE800F0570B /* Images.xcassets in Resources */,
				42C6CB7A1AE7ADE800F0570B /* Shader.vsh in Resources */,
				42715B251B9FF6F800052B4D /* pmd-face.png in Resources */,
				42C6CB781AE7ADE800F0570B /* Shader.fsh in Resources */,
				42715B271B9FF6F800052B4D /* simple-atlas.png in Resources */,
				42715B291B9FF6F800052B4D /* texture_rgb_512x512.png in Resources */,
				42715B281B9FF6F800052B4D /* texture_rgb_300x400.png in Resources */,
				42FA27801B4910AE00F7D603 /* mask.png in Resources */,
				42715B241B9FF6F800052B4D /* pmd-body.png in Resources */,
				42715B261B9FF6F800052B4D /* pmd-sample.pmd in Resources */,
				42FA27821B4910F000F7D603 /* rgb.png in Resources */,
			);
			runOnlyForDeploymentPostprocessing = 0;
		};
		42C6CB881AE7ADE800F0570B /* Resources */ = {
			isa = PBXResourcesBuildPhase;
			buildActionMask = 2147483647;
			files = (
			);
			runOnlyForDeploymentPostprocessing = 0;
		};
/* End PBXResourcesBuildPhase section */

/* Begin PBXSourcesBuildPhase section */
		42C6CB691AE7ADE800F0570B /* Sources */ = {
			isa = PBXSourcesBuildPhase;
			buildActionMask = 2147483647;
			files = (
				42293B041B6FCC8A00768E0C /* vert.m in Sources */,
				42C6CB761AE7ADE800F0570B /* AppDelegate.m in Sources */,
				42C6CB731AE7ADE800F0570B /* main.m in Sources */,
				428CDD821BB04C7600C835C6 /* util_str.m in Sources */,
				428CDD7E1BAE991000C835C6 /* texture.m in Sources */,
				42C6CB9C1AE7B3BD00F0570B /* GLViewController.m in Sources */,
				428CDD7B1BA3EFAC00C835C6 /* textures.m in Sources */,
				42715B2F1BA04C7500052B4D /* pmd.m in Sources */,
				42293B081B6FCD1A00768E0C /* vec2.m in Sources */,
				42FA278C1B53A0B700F7D603 /* mat4.m in Sources */,
				422B1F881B973A7300DBB813 /* verts.m in Sources */,
				42FA27891B539F8500F7D603 /* vec3.m in Sources */,
				42FA27911B5A872500F7D603 /* camera.m in Sources */,
				42715B301BA04C7500052B4D /* support_RawData.c in Sources */,
				42FA27861B538F9A00F7D603 /* vec4.m in Sources */,
			);
			runOnlyForDeploymentPostprocessing = 0;
		};
		42C6CB861AE7ADE800F0570B /* Sources */ = {
			isa = PBXSourcesBuildPhase;
			buildActionMask = 2147483647;
			files = (
				42C6CB911AE7ADE800F0570B /* opengltestTests.m in Sources */,
				42FA278E1B54327100F7D603 /* matrixTests.m in Sources */,
			);
			runOnlyForDeploymentPostprocessing = 0;
		};
/* End PBXSourcesBuildPhase section */

/* Begin PBXTargetDependency section */
		42C6CB8C1AE7ADE800F0570B /* PBXTargetDependency */ = {
			isa = PBXTargetDependency;
			target = 42C6CB6C1AE7ADE800F0570B /* opengltest */;
			targetProxy = 42C6CB8B1AE7ADE800F0570B /* PBXContainerItemProxy */;
		};
/* End PBXTargetDependency section */

/* Begin PBXVariantGroup section */
		42C6CB7E1AE7ADE800F0570B /* Main.storyboard */ = {
			isa = PBXVariantGroup;
			children = (
				42C6CB7F1AE7ADE800F0570B /* Base */,
			);
			name = Main.storyboard;
			sourceTree = "<group>";
		};
		42C6CB831AE7ADE800F0570B /* LaunchScreen.xib */ = {
			isa = PBXVariantGroup;
			children = (
				42C6CB841AE7ADE800F0570B /* Base */,
			);
			name = LaunchScreen.xib;
			sourceTree = "<group>";
		};
/* End PBXVariantGroup section */

/* Begin XCBuildConfiguration section */
		42C6CB921AE7ADE800F0570B /* Debug */ = {
			isa = XCBuildConfiguration;
			buildSettings = {
				ALWAYS_SEARCH_USER_PATHS = NO;
				CLANG_CXX_LANGUAGE_STANDARD = "gnu++0x";
				CLANG_CXX_LIBRARY = "libc++";
				CLANG_ENABLE_MODULES = YES;
				CLANG_ENABLE_OBJC_ARC = YES;
				CLANG_WARN_BOOL_CONVERSION = YES;
				CLANG_WARN_CONSTANT_CONVERSION = YES;
				CLANG_WARN_DIRECT_OBJC_ISA_USAGE = YES_ERROR;
				CLANG_WARN_EMPTY_BODY = YES;
				CLANG_WARN_ENUM_CONVERSION = YES;
				CLANG_WARN_INT_CONVERSION = YES;
				CLANG_WARN_OBJC_ROOT_CLASS = YES_ERROR;
				CLANG_WARN_UNREACHABLE_CODE = YES;
				CLANG_WARN__DUPLICATE_METHOD_MATCH = YES;
				"CODE_SIGN_IDENTITY[sdk=iphoneos*]" = "iPhone Developer";
				COPY_PHASE_STRIP = NO;
				ENABLE_STRICT_OBJC_MSGSEND = YES;
				GCC_C_LANGUAGE_STANDARD = gnu99;
				GCC_DYNAMIC_NO_PIC = NO;
				GCC_OPTIMIZATION_LEVEL = 0;
				GCC_PREPROCESSOR_DEFINITIONS = (
					"DEBUG=1",
					"$(inherited)",
				);
				GCC_SYMBOLS_PRIVATE_EXTERN = NO;
				GCC_WARN_64_TO_32_BIT_CONVERSION = YES;
				GCC_WARN_ABOUT_RETURN_TYPE = YES_ERROR;
				GCC_WARN_UNDECLARED_SELECTOR = YES;
				GCC_WARN_UNINITIALIZED_AUTOS = YES_AGGRESSIVE;
				GCC_WARN_UNUSED_FUNCTION = YES;
				GCC_WARN_UNUSED_VARIABLE = YES;
				IPHONEOS_DEPLOYMENT_TARGET = 8.1;
				MTL_ENABLE_DEBUG_INFO = YES;
				ONLY_ACTIVE_ARCH = YES;
				SDKROOT = iphoneos;
				TARGETED_DEVICE_FAMILY = "1,2";
			};
			name = Debug;
		};
		42C6CB931AE7ADE800F0570B /* Release */ = {
			isa = XCBuildConfiguration;
			buildSettings = {
				ALWAYS_SEARCH_USER_PATHS = NO;
				CLANG_CXX_LANGUAGE_STANDARD = "gnu++0x";
				CLANG_CXX_LIBRARY = "libc++";
				CLANG_ENABLE_MODULES = YES;
				CLANG_ENABLE_OBJC_ARC = YES;
				CLANG_WARN_BOOL_CONVERSION = YES;
				CLANG_WARN_CONSTANT_CONVERSION = YES;
				CLANG_WARN_DIRECT_OBJC_ISA_USAGE = YES_ERROR;
				CLANG_WARN_EMPTY_BODY = YES;
				CLANG_WARN_ENUM_CONVERSION = YES;
				CLANG_WARN_INT_CONVERSION = YES;
				CLANG_WARN_OBJC_ROOT_CLASS = YES_ERROR;
				CLANG_WARN_UNREACHABLE_CODE = YES;
				CLANG_WARN__DUPLICATE_METHOD_MATCH = YES;
				"CODE_SIGN_IDENTITY[sdk=iphoneos*]" = "iPhone Developer";
				COPY_PHASE_STRIP = YES;
				ENABLE_NS_ASSERTIONS = NO;
				ENABLE_STRICT_OBJC_MSGSEND = YES;
				GCC_C_LANGUAGE_STANDARD = gnu99;
				GCC_WARN_64_TO_32_BIT_CONVERSION = YES;
				GCC_WARN_ABOUT_RETURN_TYPE = YES_ERROR;
				GCC_WARN_UNDECLARED_SELECTOR = YES;
				GCC_WARN_UNINITIALIZED_AUTOS = YES_AGGRESSIVE;
				GCC_WARN_UNUSED_FUNCTION = YES;
				GCC_WARN_UNUSED_VARIABLE = YES;
				IPHONEOS_DEPLOYMENT_TARGET = 8.1;
				MTL_ENABLE_DEBUG_INFO = NO;
				SDKROOT = iphoneos;
				TARGETED_DEVICE_FAMILY = "1,2";
				VALIDATE_PRODUCT = YES;
			};
			name = Release;
		};
		42C6CB951AE7ADE800F0570B /* Debug */ = {
			isa = XCBuildConfiguration;
			buildSettings = {
				ASSETCATALOG_COMPILER_APPICON_NAME = AppIcon;
				INFOPLIST_FILE = opengltest/Info.plist;
				LD_RUNPATH_SEARCH_PATHS = "$(inherited) @executable_path/Frameworks";
				PRODUCT_NAME = "$(TARGET_NAME)";
			};
			name = Debug;
		};
		42C6CB961AE7ADE800F0570B /* Release */ = {
			isa = XCBuildConfiguration;
			buildSettings = {
				ASSETCATALOG_COMPILER_APPICON_NAME = AppIcon;
				INFOPLIST_FILE = opengltest/Info.plist;
				LD_RUNPATH_SEARCH_PATHS = "$(inherited) @executable_path/Frameworks";
				PRODUCT_NAME = "$(TARGET_NAME)";
			};
			name = Release;
		};
		42C6CB981AE7ADE800F0570B /* Debug */ = {
			isa = XCBuildConfiguration;
			buildSettings = {
				BUNDLE_LOADER = "$(TEST_HOST)";
				FRAMEWORK_SEARCH_PATHS = (
					"$(SDKROOT)/Developer/Library/Frameworks",
					"$(inherited)",
				);
				GCC_PREPROCESSOR_DEFINITIONS = (
					"DEBUG=1",
					"$(inherited)",
				);
				INFOPLIST_FILE = opengltestTests/Info.plist;
				LD_RUNPATH_SEARCH_PATHS = "$(inherited) @executable_path/Frameworks @loader_path/Frameworks";
				PRODUCT_NAME = "$(TARGET_NAME)";
				TEST_HOST = "$(BUILT_PRODUCTS_DIR)/opengltest.app/opengltest";
			};
			name = Debug;
		};
		42C6CB991AE7ADE800F0570B /* Release */ = {
			isa = XCBuildConfiguration;
			buildSettings = {
				BUNDLE_LOADER = "$(TEST_HOST)";
				FRAMEWORK_SEARCH_PATHS = (
					"$(SDKROOT)/Developer/Library/Frameworks",
					"$(inherited)",
				);
				INFOPLIST_FILE = opengltestTests/Info.plist;
				LD_RUNPATH_SEARCH_PATHS = "$(inherited) @executable_path/Frameworks @loader_path/Frameworks";
				PRODUCT_NAME = "$(TARGET_NAME)";
				TEST_HOST = "$(BUILT_PRODUCTS_DIR)/opengltest.app/opengltest";
			};
			name = Release;
		};
/* End XCBuildConfiguration section */

/* Begin XCConfigurationList section */
		42C6CB681AE7ADE800F0570B /* Build configuration list for PBXProject "opengltest" */ = {
			isa = XCConfigurationList;
			buildConfigurations = (
				42C6CB921AE7ADE800F0570B /* Debug */,
				42C6CB931AE7ADE800F0570B /* Release */,
			);
			defaultConfigurationIsVisible = 0;
			defaultConfigurationName = Release;
		};
		42C6CB941AE7ADE800F0570B /* Build configuration list for PBXNativeTarget "opengltest" */ = {
			isa = XCConfigurationList;
			buildConfigurations = (
				42C6CB951AE7ADE800F0570B /* Debug */,
				42C6CB961AE7ADE800F0570B /* Release */,
			);
			defaultConfigurationIsVisible = 0;
			defaultConfigurationName = Release;
		};
		42C6CB971AE7ADE800F0570B /* Build configuration list for PBXNativeTarget "opengltestTests" */ = {
			isa = XCConfigurationList;
			buildConfigurations = (
				42C6CB981AE7ADE800F0570B /* Debug */,
				42C6CB991AE7ADE800F0570B /* Release */,
			);
			defaultConfigurationIsVisible = 0;
			defaultConfigurationName = Release;
		};
/* End XCConfigurationList section */
	};
	rootObject = 42C6CB651AE7ADE800F0570B /* Project object */;
}
